# THIS IS AN AUTOGENERATED FILE. DO NOT EDIT THIS FILE DIRECTLY.
# yarn lockfile v1


"@tanstack/history@1.131.2":
  version "1.131.2"
  resolved "https://registry.yarnpkg.com/@tanstack/history/-/history-1.131.2.tgz#54ff9e28a4235de51a5ee0f2f13edf25f6f54c45"
  integrity sha512-cs1WKawpXIe+vSTeiZUuSBy8JFjEuDgdMKZFRLKwQysKo8y2q6Q1HvS74Yw+m5IhOW1nTZooa6rlgdfXcgFAaw==

"@tanstack/react-router@^1.131.14":
  version "1.131.14"
  resolved "https://registry.yarnpkg.com/@tanstack/react-router/-/react-router-1.131.14.tgz#11e54aba1154e5264f7afe3f2acdfc4338fac72d"
  integrity sha512-AA/BKIW6m3ivOrGnCGQKucNuxdPApTgkbVUSMIBx5sLBn/bA5f9JIBgEuJQBkeHYx2JZi/PVq4N6E7USWYC2Ag==
  dependencies:
    "@tanstack/history" "1.131.2"
    "@tanstack/react-store" "^0.7.0"
    "@tanstack/router-core" "1.131.14"
    isbot "^5.1.22"
    tiny-invariant "^1.3.3"
    tiny-warning "^1.0.3"

"@tanstack/react-store@^0.7.0":
  version "0.7.3"
  resolved "https://registry.yarnpkg.com/@tanstack/react-store/-/react-store-0.7.3.tgz#567d3983e654b7e5cc83fbc8a20088a319305ce0"
  integrity sha512-3Dnqtbw9P2P0gw8uUM8WP2fFfg8XMDSZCTsywRPZe/XqqYW8PGkXKZTvP0AHkE4mpqP9Y43GpOg9vwO44azu6Q==
  dependencies:
    "@tanstack/store" "0.7.2"
    use-sync-external-store "^1.5.0"

"@tanstack/router-core@1.131.14":
  version "1.131.14"
  resolved "https://registry.yarnpkg.com/@tanstack/router-core/-/router-core-1.131.14.tgz#aa559d58af493fcc07a689de4d94f6ab530f7f0b"
  integrity sha512-07kOQsaEFs1wVNaz854cWpxwc8EMRsl5jNy8RJwDUckHGxgeDK67J6CAhoKMiR8cXCTQ4OqZKE8W7W+iFg8B5A==
  dependencies:
    "@tanstack/history" "1.131.2"
    "@tanstack/store" "^0.7.0"
    cookie-es "^1.2.2"
    seroval "^1.3.2"
    seroval-plugins "^1.3.2"
    tiny-invariant "^1.3.3"
    tiny-warning "^1.0.3"

"@tanstack/store@0.7.2", "@tanstack/store@^0.7.0":
  version "0.7.2"
  resolved "https://registry.yarnpkg.com/@tanstack/store/-/store-0.7.2.tgz#2e04dac17f7d904539eeb797d8ba0058cee4edf7"
  integrity sha512-RP80Z30BYiPX2Pyo0Nyw4s1SJFH2jyM6f9i3HfX4pA+gm5jsnYryscdq2aIQLnL4TaGuQMO+zXmN9nh1Qck+Pg==

cookie-es@^1.2.2:
  version "1.2.2"
  resolved "https://registry.yarnpkg.com/cookie-es/-/cookie-es-1.2.2.tgz#18ceef9eb513cac1cb6c14bcbf8bdb2679b34821"
  integrity sha512-+W7VmiVINB+ywl1HGXJXmrqkOhpKrIiVZV6tQuV54ZyQC7MMuBt81Vc336GMLoHBq5hV/F9eXgt5Mnx0Rha5Fg==

isbot@^5.1.22:
  version "5.1.29"
  resolved "https://registry.yarnpkg.com/isbot/-/isbot-5.1.29.tgz#98ce973ca2f3af4ea91caa773212500ff2bccf46"
  integrity sha512-DelDWWoa3mBoyWTq3wjp+GIWx/yZdN7zLUE7NFhKjAiJ+uJVRkbLlwykdduCE4sPUUy8mlTYTmdhBUYu91F+sw==

seroval-plugins@^1.3.2:
  version "1.3.2"
  resolved "https://registry.yarnpkg.com/seroval-plugins/-/seroval-plugins-1.3.2.tgz#4200b538d699853c9bf5c3b7155c498c7c263a6a"
  integrity sha512-0QvCV2lM3aj/U3YozDiVwx9zpH0q8A60CTWIv4Jszj/givcudPb48B+rkU5D51NJ0pTpweGMttHjboPa9/zoIQ==

seroval@^1.3.2:
  version "1.3.2"
  resolved "https://registry.yarnpkg.com/seroval/-/seroval-1.3.2.tgz#7e5be0dc1a3de020800ef013ceae3a313f20eca7"
  integrity sha512-RbcPH1n5cfwKrru7v7+zrZvjLurgHhGyso3HTyGtRivGWgYjbOmGuivCQaORNELjNONoK35nj28EoWul9sb1zQ==

tiny-invariant@^1.3.3:
  version "1.3.3"
  resolved "https://registry.yarnpkg.com/tiny-invariant/-/tiny-invariant-1.3.3.tgz#46680b7a873a0d5d10005995eb90a70d74d60127"
  integrity sha512-+FbBPE1o9QAYvviau/qC5SE3caw21q3xkvWKBtja5vgqOWIHHJ3ioaq1VPfn/Szqctz2bU/oYeKd9/z5BL+PVg==

tiny-warning@^1.0.3:
  version "1.0.3"
  resolved "https://registry.yarnpkg.com/tiny-warning/-/tiny-warning-1.0.3.tgz#94a30db453df4c643d0fd566060d60a875d84754"
  integrity sha512-lBN9zLN/oAf68o3zNXYrdCt1kP8WsiGW8Oo2ka41b2IM5JL/S1CTyX1rW0mb/zSuJun0ZUrDxx4sqvYS2FWzPA==

use-sync-external-store@^1.5.0:
  version "1.5.0"
  resolved "https://registry.yarnpkg.com/use-sync-external-store/-/use-sync-external-store-1.5.0.tgz#55122e2a3edd2a6c106174c27485e0fd59bcfca0"
  integrity sha512-Rb46I4cGGVBmjamjphe8L/UnvJD+uPPtTkNvX5mZgqdbavhI4EbgIWJiIHXJ8bc/i9EQGPRh4DwEURJ552Do0A==
